
Microsoft Visual Studio Solution File, Format Version 12.00
# Visual Studio 15
VisualStudioVersion = 15.0.28307.489
MinimumVisualStudioVersion = 10.0.40219.1
Project("{FAE04EC0-301F-11D3-BF4B-00C04F79EFBC}") = "CAB301ass2", "CAB301ass2\CAB301ass2.csproj", "{8C893058-1C19-4689-8499-B1883F44AB1B}"
EndProject
Global
	GlobalSection(SolutionConfigurationPlatforms) = preSolution
		Debug|Any CPU = Debug|Any CPU
		Release|Any CPU = Release|Any CPU
	EndGlobalSection
	GlobalSection(ProjectConfigurationPlatforms) = postSolution
		{8C893058-1C19-4689-8499-B1883F44AB1B}.Debug|Any CPU.ActiveCfg = Debug|Any CPU
		{8C893058-1C19-4689-8499-B1883F44AB1B}.Debug|Any CPU.Build.0 = Debug|Any CPU
		{8C893058-1C19-4689-8499-B1883F44AB1B}.Release|Any CPU.ActiveCfg = Release|Any CPU
		{8C893058-1C19-4689-8499-B1883F44AB1B}.Release|Any CPU.Build.0 = Release|Any CPU
	EndGlobalSection
	GlobalSection(SolutionProperties) = preSolution
		HideSolutionNode = FALSE
	EndGlobalSection
	GlobalSection(ExtensibilityGlobals) = postSolution
		SolutionGuid = {E3E94D62-9807-4754-A97E-5C37AE4D3D4C}
	EndGlobalSection
EndGlobal
